// !$*UTF8*$!
{
	archiveVersion = 1;
	classes = {
	};
	objectVersion = 56;
	objects = {

/* Begin PBXBuildFile section */
		A056A6622967A8D100E26147 /* AppDelegate.swift in Sources */ = {isa = PBXBuildFile; fileRef = A056A6612967A8D100E26147 /* AppDelegate.swift */; };
		A056A6642967A8D100E26147 /* SceneDelegate.swift in Sources */ = {isa = PBXBuildFile; fileRef = A056A6632967A8D100E26147 /* SceneDelegate.swift */; };
		A056A6662967A8D100E26147 /* RMTabBarController.swift in Sources */ = {isa = PBXBuildFile; fileRef = A056A6652967A8D100E26147 /* RMTabBarController.swift */; };
		A056A66B2967A8D300E26147 /* Assets.xcassets in Resources */ = {isa = PBXBuildFile; fileRef = A056A66A2967A8D300E26147 /* Assets.xcassets */; };
		A056A66E2967A8D300E26147 /* LaunchScreen.storyboard in Resources */ = {isa = PBXBuildFile; fileRef = A056A66C2967A8D300E26147 /* LaunchScreen.storyboard */; };
		A056A6792967A8D300E26147 /* RickAndMortyTests.swift in Sources */ = {isa = PBXBuildFile; fileRef = A056A6782967A8D300E26147 /* RickAndMortyTests.swift */; };
		A056A6832967A8D300E26147 /* RickAndMortyUITests.swift in Sources */ = {isa = PBXBuildFile; fileRef = A056A6822967A8D300E26147 /* RickAndMortyUITests.swift */; };
		A056A6852967A8D300E26147 /* RickAndMortyUITestsLaunchTests.swift in Sources */ = {isa = PBXBuildFile; fileRef = A056A6842967A8D300E26147 /* RickAndMortyUITestsLaunchTests.swift */; };
		A056A6992967AE4C00E26147 /* RMLocation.swift in Sources */ = {isa = PBXBuildFile; fileRef = A056A6982967AE4C00E26147 /* RMLocation.swift */; };
		A056A69B2967AE6200E26147 /* RMCharacter.swift in Sources */ = {isa = PBXBuildFile; fileRef = A056A69A2967AE6200E26147 /* RMCharacter.swift */; };
		A056A69D2967AE7300E26147 /* RMEpisode.swift in Sources */ = {isa = PBXBuildFile; fileRef = A056A69C2967AE7300E26147 /* RMEpisode.swift */; };
		A056A6A02967AF4E00E26147 /* RMCharacterViewController.swift in Sources */ = {isa = PBXBuildFile; fileRef = A056A69F2967AF4E00E26147 /* RMCharacterViewController.swift */; };
		A056A6A22967AF6D00E26147 /* RMEpisodeViewController.swift in Sources */ = {isa = PBXBuildFile; fileRef = A056A6A12967AF6D00E26147 /* RMEpisodeViewController.swift */; };
		A056A6A42967AF7700E26147 /* RMLocationViewController.swift in Sources */ = {isa = PBXBuildFile; fileRef = A056A6A32967AF7700E26147 /* RMLocationViewController.swift */; };
		A056A6A62967AF9F00E26147 /* RMSettingsViewController.swift in Sources */ = {isa = PBXBuildFile; fileRef = A056A6A52967AF9F00E26147 /* RMSettingsViewController.swift */; };
		A056A6A8296A0D3100E26147 /* RMService.swift in Sources */ = {isa = PBXBuildFile; fileRef = A056A6A7296A0D3100E26147 /* RMService.swift */; };
		A056A6AA296A0D4700E26147 /* RMRequest.swift in Sources */ = {isa = PBXBuildFile; fileRef = A056A6A9296A0D4700E26147 /* RMRequest.swift */; };
		A056A6AC296A0DD900E26147 /* RMEndpoint.swift in Sources */ = {isa = PBXBuildFile; fileRef = A056A6AB296A0DD900E26147 /* RMEndpoint.swift */; };
/* End PBXBuildFile section */

/* Begin PBXContainerItemProxy section */
		A056A6752967A8D300E26147 /* PBXContainerItemProxy */ = {
			isa = PBXContainerItemProxy;
			containerPortal = A056A6562967A8D100E26147 /* Project object */;
			proxyType = 1;
			remoteGlobalIDString = A056A65D2967A8D100E26147;
			remoteInfo = RickAndMorty;
		};
		A056A67F2967A8D300E26147 /* PBXContainerItemProxy */ = {
			isa = PBXContainerItemProxy;
			containerPortal = A056A6562967A8D100E26147 /* Project object */;
			proxyType = 1;
			remoteGlobalIDString = A056A65D2967A8D100E26147;
			remoteInfo = RickAndMorty;
		};
/* End PBXContainerItemProxy section */

/* Begin PBXFileReference section */
		A056A65E2967A8D100E26147 /* RickAndMorty.app */ = {isa = PBXFileReference; explicitFileType = wrapper.application; includeInIndex = 0; path = RickAndMorty.app; sourceTree = BUILT_PRODUCTS_DIR; };
		A056A6612967A8D100E26147 /* AppDelegate.swift */ = {isa = PBXFileReference; lastKnownFileType = sourcecode.swift; path = AppDelegate.swift; sourceTree = "<group>"; };
		A056A6632967A8D100E26147 /* SceneDelegate.swift */ = {isa = PBXFileReference; lastKnownFileType = sourcecode.swift; path = SceneDelegate.swift; sourceTree = "<group>"; };
		A056A6652967A8D100E26147 /* RMTabBarController.swift */ = {isa = PBXFileReference; lastKnownFileType = sourcecode.swift; path = RMTabBarController.swift; sourceTree = "<group>"; };
		A056A66A2967A8D300E26147 /* Assets.xcassets */ = {isa = PBXFileReference; lastKnownFileType = folder.assetcatalog; path = Assets.xcassets; sourceTree = "<group>"; };
		A056A66D2967A8D300E26147 /* Base */ = {isa = PBXFileReference; lastKnownFileType = file.storyboard; name = Base; path = Base.lproj/LaunchScreen.storyboard; sourceTree = "<group>"; };
		A056A66F2967A8D300E26147 /* Info.plist */ = {isa = PBXFileReference; lastKnownFileType = text.plist.xml; path = Info.plist; sourceTree = "<group>"; };
		A056A6742967A8D300E26147 /* RickAndMortyTests.xctest */ = {isa = PBXFileReference; explicitFileType = wrapper.cfbundle; includeInIndex = 0; path = RickAndMortyTests.xctest; sourceTree = BUILT_PRODUCTS_DIR; };
		A056A6782967A8D300E26147 /* RickAndMortyTests.swift */ = {isa = PBXFileReference; lastKnownFileType = sourcecode.swift; path = RickAndMortyTests.swift; sourceTree = "<group>"; };
		A056A67E2967A8D300E26147 /* RickAndMortyUITests.xctest */ = {isa = PBXFileReference; explicitFileType = wrapper.cfbundle; includeInIndex = 0; path = RickAndMortyUITests.xctest; sourceTree = BUILT_PRODUCTS_DIR; };
		A056A6822967A8D300E26147 /* RickAndMortyUITests.swift */ = {isa = PBXFileReference; lastKnownFileType = sourcecode.swift; path = RickAndMortyUITests.swift; sourceTree = "<group>"; };
		A056A6842967A8D300E26147 /* RickAndMortyUITestsLaunchTests.swift */ = {isa = PBXFileReference; lastKnownFileType = sourcecode.swift; path = RickAndMortyUITestsLaunchTests.swift; sourceTree = "<group>"; };
		A056A6982967AE4C00E26147 /* RMLocation.swift */ = {isa = PBXFileReference; lastKnownFileType = sourcecode.swift; path = RMLocation.swift; sourceTree = "<group>"; };
		A056A69A2967AE6200E26147 /* RMCharacter.swift */ = {isa = PBXFileReference; lastKnownFileType = sourcecode.swift; path = RMCharacter.swift; sourceTree = "<group>"; };
		A056A69C2967AE7300E26147 /* RMEpisode.swift */ = {isa = PBXFileReference; lastKnownFileType = sourcecode.swift; path = RMEpisode.swift; sourceTree = "<group>"; };
		A056A69F2967AF4E00E26147 /* RMCharacterViewController.swift */ = {isa = PBXFileReference; lastKnownFileType = sourcecode.swift; path = RMCharacterViewController.swift; sourceTree = "<group>"; };
		A056A6A12967AF6D00E26147 /* RMEpisodeViewController.swift */ = {isa = PBXFileReference; lastKnownFileType = sourcecode.swift; path = RMEpisodeViewController.swift; sourceTree = "<group>"; };
		A056A6A32967AF7700E26147 /* RMLocationViewController.swift */ = {isa = PBXFileReference; lastKnownFileType = sourcecode.swift; path = RMLocationViewController.swift; sourceTree = "<group>"; };
		A056A6A52967AF9F00E26147 /* RMSettingsViewController.swift */ = {isa = PBXFileReference; lastKnownFileType = sourcecode.swift; path = RMSettingsViewController.swift; sourceTree = "<group>"; };
		A056A6A7296A0D3100E26147 /* RMService.swift */ = {isa = PBXFileReference; lastKnownFileType = sourcecode.swift; path = RMService.swift; sourceTree = "<group>"; };
		A056A6A9296A0D4700E26147 /* RMRequest.swift */ = {isa = PBXFileReference; lastKnownFileType = sourcecode.swift; path = RMRequest.swift; sourceTree = "<group>"; };
		A056A6AB296A0DD900E26147 /* RMEndpoint.swift */ = {isa = PBXFileReference; lastKnownFileType = sourcecode.swift; path = RMEndpoint.swift; sourceTree = "<group>"; };
/* End PBXFileReference section */

/* Begin PBXFrameworksBuildPhase section */
		A056A65B2967A8D100E26147 /* Frameworks */ = {
			isa = PBXFrameworksBuildPhase;
			buildActionMask = 2147483647;
			files = (
			);
			runOnlyForDeploymentPostprocessing = 0;
		};
		A056A6712967A8D300E26147 /* Frameworks */ = {
			isa = PBXFrameworksBuildPhase;
			buildActionMask = 2147483647;
			files = (
			);
			runOnlyForDeploymentPostprocessing = 0;
		};
		A056A67B2967A8D300E26147 /* Frameworks */ = {
			isa = PBXFrameworksBuildPhase;
			buildActionMask = 2147483647;
			files = (
			);
			runOnlyForDeploymentPostprocessing = 0;
		};
/* End PBXFrameworksBuildPhase section */

/* Begin PBXGroup section */
		A056A6552967A8D100E26147 = {
			isa = PBXGroup;
			children = (
				A056A6602967A8D100E26147 /* RickAndMorty */,
				A056A6772967A8D300E26147 /* RickAndMortyTests */,
				A056A6812967A8D300E26147 /* RickAndMortyUITests */,
				A056A65F2967A8D100E26147 /* Products */,
			);
			sourceTree = "<group>";
		};
		A056A65F2967A8D100E26147 /* Products */ = {
			isa = PBXGroup;
			children = (
				A056A65E2967A8D100E26147 /* RickAndMorty.app */,
				A056A6742967A8D300E26147 /* RickAndMortyTests.xctest */,
				A056A67E2967A8D300E26147 /* RickAndMortyUITests.xctest */,
			);
			name = Products;
			sourceTree = "<group>";
		};
		A056A6602967A8D100E26147 /* RickAndMorty */ = {
			isa = PBXGroup;
			children = (
				A056A6972967AD9200E26147 /* Resources */,
				A056A6962967AD5C00E26147 /* Managers */,
				A056A6952967AD5200E26147 /* APIClient */,
				A056A6942967AD3500E26147 /* ViewModels */,
				A056A6932967AD1F00E26147 /* Controllers */,
				A056A6922967AD1500E26147 /* Views */,
				A056A6912967AD0E00E26147 /* Models */,
				A056A66F2967A8D300E26147 /* Info.plist */,
			);
			path = RickAndMorty;
			sourceTree = "<group>";
		};
		A056A6772967A8D300E26147 /* RickAndMortyTests */ = {
			isa = PBXGroup;
			children = (
				A056A6782967A8D300E26147 /* RickAndMortyTests.swift */,
			);
			path = RickAndMortyTests;
			sourceTree = "<group>";
		};
		A056A6812967A8D300E26147 /* RickAndMortyUITests */ = {
			isa = PBXGroup;
			children = (
				A056A6822967A8D300E26147 /* RickAndMortyUITests.swift */,
				A056A6842967A8D300E26147 /* RickAndMortyUITestsLaunchTests.swift */,
			);
			path = RickAndMortyUITests;
			sourceTree = "<group>";
		};
		A056A6912967AD0E00E26147 /* Models */ = {
			isa = PBXGroup;
			children = (
				A056A6982967AE4C00E26147 /* RMLocation.swift */,
				A056A69A2967AE6200E26147 /* RMCharacter.swift */,
				A056A69C2967AE7300E26147 /* RMEpisode.swift */,
			);
			path = Models;
			sourceTree = "<group>";
		};
		A056A6922967AD1500E26147 /* Views */ = {
			isa = PBXGroup;
			children = (
			);
			path = Views;
			sourceTree = "<group>";
		};
		A056A6932967AD1F00E26147 /* Controllers */ = {
			isa = PBXGroup;
			children = (
				A056A69E2967AF0300E26147 /* Core */,
			);
			path = Controllers;
			sourceTree = "<group>";
		};
		A056A6942967AD3500E26147 /* ViewModels */ = {
			isa = PBXGroup;
			children = (
			);
			path = ViewModels;
			sourceTree = "<group>";
		};
		A056A6952967AD5200E26147 /* APIClient */ = {
			isa = PBXGroup;
			children = (
				A056A6A7296A0D3100E26147 /* RMService.swift */,
				A056A6A9296A0D4700E26147 /* RMRequest.swift */,
				A056A6AB296A0DD900E26147 /* RMEndpoint.swift */,
			);
			path = APIClient;
			sourceTree = "<group>";
		};
		A056A6962967AD5C00E26147 /* Managers */ = {
			isa = PBXGroup;
			children = (
			);
			path = Managers;
			sourceTree = "<group>";
		};
		A056A6972967AD9200E26147 /* Resources */ = {
			isa = PBXGroup;
			children = (
				A056A6612967A8D100E26147 /* AppDelegate.swift */,
				A056A66A2967A8D300E26147 /* Assets.xcassets */,
				A056A66C2967A8D300E26147 /* LaunchScreen.storyboard */,
				A056A6632967A8D100E26147 /* SceneDelegate.swift */,
			);
			path = Resources;
			sourceTree = "<group>";
		};
		A056A69E2967AF0300E26147 /* Core */ = {
			isa = PBXGroup;
			children = (
				A056A6652967A8D100E26147 /* RMTabBarController.swift */,
				A056A69F2967AF4E00E26147 /* RMCharacterViewController.swift */,
				A056A6A12967AF6D00E26147 /* RMEpisodeViewController.swift */,
				A056A6A52967AF9F00E26147 /* RMSettingsViewController.swift */,
				A056A6A32967AF7700E26147 /* RMLocationViewController.swift */,
			);
			path = Core;
			sourceTree = "<group>";
		};
/* End PBXGroup section */

/* Begin PBXNativeTarget section */
		A056A65D2967A8D100E26147 /* RickAndMorty */ = {
			isa = PBXNativeTarget;
			buildConfigurationList = A056A6882967A8D300E26147 /* Build configuration list for PBXNativeTarget "RickAndMorty" */;
			buildPhases = (
				A056A65A2967A8D100E26147 /* Sources */,
				A056A65B2967A8D100E26147 /* Frameworks */,
				A056A65C2967A8D100E26147 /* Resources */,
			);
			buildRules = (
			);
			dependencies = (
			);
			name = RickAndMorty;
			productName = RickAndMorty;
			productReference = A056A65E2967A8D100E26147 /* RickAndMorty.app */;
			productType = "com.apple.product-type.application";
		};
		A056A6732967A8D300E26147 /* RickAndMortyTests */ = {
			isa = PBXNativeTarget;
			buildConfigurationList = A056A68B2967A8D300E26147 /* Build configuration list for PBXNativeTarget "RickAndMortyTests" */;
			buildPhases = (
				A056A6702967A8D300E26147 /* Sources */,
				A056A6712967A8D300E26147 /* Frameworks */,
				A056A6722967A8D300E26147 /* Resources */,
			);
			buildRules = (
			);
			dependencies = (
				A056A6762967A8D300E26147 /* PBXTargetDependency */,
			);
			name = RickAndMortyTests;
			productName = RickAndMortyTests;
			productReference = A056A6742967A8D300E26147 /* RickAndMortyTests.xctest */;
			productType = "com.apple.product-type.bundle.unit-test";
		};
		A056A67D2967A8D300E26147 /* RickAndMortyUITests */ = {
			isa = PBXNativeTarget;
			buildConfigurationList = A056A68E2967A8D300E26147 /* Build configuration list for PBXNativeTarget "RickAndMortyUITests" */;
			buildPhases = (
				A056A67A2967A8D300E26147 /* Sources */,
				A056A67B2967A8D300E26147 /* Frameworks */,
				A056A67C2967A8D300E26147 /* Resources */,
			);
			buildRules = (
			);
			dependencies = (
				A056A6802967A8D300E26147 /* PBXTargetDependency */,
			);
			name = RickAndMortyUITests;
			productName = RickAndMortyUITests;
			productReference = A056A67E2967A8D300E26147 /* RickAndMortyUITests.xctest */;
			productType = "com.apple.product-type.bundle.ui-testing";
		};
/* End PBXNativeTarget section */

/* Begin PBXProject section */
		A056A6562967A8D100E26147 /* Project object */ = {
			isa = PBXProject;
			attributes = {
				BuildIndependentTargetsInParallel = 1;
				LastSwiftUpdateCheck = 1420;
				LastUpgradeCheck = 1420;
				TargetAttributes = {
					A056A65D2967A8D100E26147 = {
						CreatedOnToolsVersion = 14.2;
					};
					A056A6732967A8D300E26147 = {
						CreatedOnToolsVersion = 14.2;
						TestTargetID = A056A65D2967A8D100E26147;
					};
					A056A67D2967A8D300E26147 = {
						CreatedOnToolsVersion = 14.2;
						TestTargetID = A056A65D2967A8D100E26147;
					};
				};
			};
			buildConfigurationList = A056A6592967A8D100E26147 /* Build configuration list for PBXProject "RickAndMorty" */;
			compatibilityVersion = "Xcode 14.0";
			developmentRegion = en;
			hasScannedForEncodings = 0;
			knownRegions = (
				en,
				Base,
			);
			mainGroup = A056A6552967A8D100E26147;
			productRefGroup = A056A65F2967A8D100E26147 /* Products */;
			projectDirPath = "";
			projectRoot = "";
			targets = (
				A056A65D2967A8D100E26147 /* RickAndMorty */,
				A056A6732967A8D300E26147 /* RickAndMortyTests */,
				A056A67D2967A8D300E26147 /* RickAndMortyUITests */,
			);
		};
/* End PBXProject section */

/* Begin PBXResourcesBuildPhase section */
		A056A65C2967A8D100E26147 /* Resources */ = {
			isa = PBXResourcesBuildPhase;
			buildActionMask = 2147483647;
			files = (
				A056A66E2967A8D300E26147 /* LaunchScreen.storyboard in Resources */,
				A056A66B2967A8D300E26147 /* Assets.xcassets in Resources */,
			);
			runOnlyForDeploymentPostprocessing = 0;
		};
		A056A6722967A8D300E26147 /* Resources */ = {
			isa = PBXResourcesBuildPhase;
			buildActionMask = 2147483647;
			files = (
			);
			runOnlyForDeploymentPostprocessing = 0;
		};
		A056A67C2967A8D300E26147 /* Resources */ = {
			isa = PBXResourcesBuildPhase;
			buildActionMask = 2147483647;
			files = (
			);
			runOnlyForDeploymentPostprocessing = 0;
		};
/* End PBXResourcesBuildPhase section */

/* Begin PBXSourcesBuildPhase section */
		A056A65A2967A8D100E26147 /* Sources */ = {
			isa = PBXSourcesBuildPhase;
			buildActionMask = 2147483647;
			files = (
				A056A6A42967AF7700E26147 /* RMLocationViewController.swift in Sources */,
				A056A69D2967AE7300E26147 /* RMEpisode.swift in Sources */,
				A056A6662967A8D100E26147 /* RMTabBarController.swift in Sources */,
				A056A6622967A8D100E26147 /* AppDelegate.swift in Sources */,
				A056A6642967A8D100E26147 /* SceneDelegate.swift in Sources */,
				A056A6992967AE4C00E26147 /* RMLocation.swift in Sources */,
				A056A6A62967AF9F00E26147 /* RMSettingsViewController.swift in Sources */,
				A056A6A8296A0D3100E26147 /* RMService.swift in Sources */,
				A056A69B2967AE6200E26147 /* RMCharacter.swift in Sources */,
				A056A6AC296A0DD900E26147 /* RMEndpoint.swift in Sources */,
				A056A6A02967AF4E00E26147 /* RMCharacterViewController.swift in Sources */,
				A056A6AA296A0D4700E26147 /* RMRequest.swift in Sources */,
				A056A6A22967AF6D00E26147 /* RMEpisodeViewController.swift in Sources */,
			);
			runOnlyForDeploymentPostprocessing = 0;
		};
		A056A6702967A8D300E26147 /* Sources */ = {
			isa = PBXSourcesBuildPhase;
			buildActionMask = 2147483647;
			files = (
				A056A6792967A8D300E26147 /* RickAndMortyTests.swift in Sources */,
			);
			runOnlyForDeploymentPostprocessing = 0;
		};
		A056A67A2967A8D300E26147 /* Sources */ = {
			isa = PBXSourcesBuildPhase;
			buildActionMask = 2147483647;
			files = (
				A056A6832967A8D300E26147 /* RickAndMortyUITests.swift in Sources */,
				A056A6852967A8D300E26147 /* RickAndMortyUITestsLaunchTests.swift in Sources */,
			);
			runOnlyForDeploymentPostprocessing = 0;
		};
/* End PBXSourcesBuildPhase section */

/* Begin PBXTargetDependency section */
		A056A6762967A8D300E26147 /* PBXTargetDependency */ = {
			isa = PBXTargetDependency;
			target = A056A65D2967A8D100E26147 /* RickAndMorty */;
			targetProxy = A056A6752967A8D300E26147 /* PBXContainerItemProxy */;
		};
		A056A6802967A8D300E26147 /* PBXTargetDependency */ = {
			isa = PBXTargetDependency;
			target = A056A65D2967A8D100E26147 /* RickAndMorty */;
			targetProxy = A056A67F2967A8D300E26147 /* PBXContainerItemProxy */;
		};
/* End PBXTargetDependency section */

/* Begin PBXVariantGroup section */
		A056A66C2967A8D300E26147 /* LaunchScreen.storyboard */ = {
			isa = PBXVariantGroup;
			children = (
				A056A66D2967A8D300E26147 /* Base */,
			);
			name = LaunchScreen.storyboard;
			sourceTree = "<group>";
		};
/* End PBXVariantGroup section */

/* Begin XCBuildConfiguration section */
		A056A6862967A8D300E26147 /* Debug */ = {
			isa = XCBuildConfiguration;
			buildSettings = {
				ALWAYS_SEARCH_USER_PATHS = NO;
				CLANG_ANALYZER_NONNULL = YES;
				CLANG_ANALYZER_NUMBER_OBJECT_CONVERSION = YES_AGGRESSIVE;
				CLANG_CXX_LANGUAGE_STANDARD = "gnu++20";
				CLANG_ENABLE_MODULES = YES;
				CLANG_ENABLE_OBJC_ARC = YES;
				CLANG_ENABLE_OBJC_WEAK = YES;
				CLANG_WARN_BLOCK_CAPTURE_AUTORELEASING = YES;
				CLANG_WARN_BOOL_CONVERSION = YES;
				CLANG_WARN_COMMA = YES;
				CLANG_WARN_CONSTANT_CONVERSION = YES;
				CLANG_WARN_DEPRECATED_OBJC_IMPLEMENTATIONS = YES;
				CLANG_WARN_DIRECT_OBJC_ISA_USAGE = YES_ERROR;
				CLANG_WARN_DOCUMENTATION_COMMENTS = YES;
				CLANG_WARN_EMPTY_BODY = YES;
				CLANG_WARN_ENUM_CONVERSION = YES;
				CLANG_WARN_INFINITE_RECURSION = YES;
				CLANG_WARN_INT_CONVERSION = YES;
				CLANG_WARN_NON_LITERAL_NULL_CONVERSION = YES;
				CLANG_WARN_OBJC_IMPLICIT_RETAIN_SELF = YES;
				CLANG_WARN_OBJC_LITERAL_CONVERSION = YES;
				CLANG_WARN_OBJC_ROOT_CLASS = YES_ERROR;
				CLANG_WARN_QUOTED_INCLUDE_IN_FRAMEWORK_HEADER = YES;
				CLANG_WARN_RANGE_LOOP_ANALYSIS = YES;
				CLANG_WARN_STRICT_PROTOTYPES = YES;
				CLANG_WARN_SUSPICIOUS_MOVE = YES;
				CLANG_WARN_UNGUARDED_AVAILABILITY = YES_AGGRESSIVE;
				CLANG_WARN_UNREACHABLE_CODE = YES;
				CLANG_WARN__DUPLICATE_METHOD_MATCH = YES;
				COPY_PHASE_STRIP = NO;
				DEBUG_INFORMATION_FORMAT = dwarf;
				ENABLE_STRICT_OBJC_MSGSEND = YES;
				ENABLE_TESTABILITY = YES;
				GCC_C_LANGUAGE_STANDARD = gnu11;
				GCC_DYNAMIC_NO_PIC = NO;
				GCC_NO_COMMON_BLOCKS = YES;
				GCC_OPTIMIZATION_LEVEL = 0;
				GCC_PREPROCESSOR_DEFINITIONS = (
					"DEBUG=1",
					"$(inherited)",
				);
				GCC_WARN_64_TO_32_BIT_CONVERSION = YES;
				GCC_WARN_ABOUT_RETURN_TYPE = YES_ERROR;
				GCC_WARN_UNDECLARED_SELECTOR = YES;
				GCC_WARN_UNINITIALIZED_AUTOS = YES_AGGRESSIVE;
				GCC_WARN_UNUSED_FUNCTION = YES;
				GCC_WARN_UNUSED_VARIABLE = YES;
				IPHONEOS_DEPLOYMENT_TARGET = 16.2;
				MTL_ENABLE_DEBUG_INFO = INCLUDE_SOURCE;
				MTL_FAST_MATH = YES;
				ONLY_ACTIVE_ARCH = YES;
				SDKROOT = iphoneos;
				SWIFT_ACTIVE_COMPILATION_CONDITIONS = DEBUG;
				SWIFT_OPTIMIZATION_LEVEL = "-Onone";
			};
			name = Debug;
		};
		A056A6872967A8D300E26147 /* Release */ = {
			isa = XCBuildConfiguration;
			buildSettings = {
				ALWAYS_SEARCH_USER_PATHS = NO;
				CLANG_ANALYZER_NONNULL = YES;
				CLANG_ANALYZER_NUMBER_OBJECT_CONVERSION = YES_AGGRESSIVE;
				CLANG_CXX_LANGUAGE_STANDARD = "gnu++20";
				CLANG_ENABLE_MODULES = YES;
				CLANG_ENABLE_OBJC_ARC = YES;
				CLANG_ENABLE_OBJC_WEAK = YES;
				CLANG_WARN_BLOCK_CAPTURE_AUTORELEASING = YES;
				CLANG_WARN_BOOL_CONVERSION = YES;
				CLANG_WARN_COMMA = YES;
				CLANG_WARN_CONSTANT_CONVERSION = YES;
				CLANG_WARN_DEPRECATED_OBJC_IMPLEMENTATIONS = YES;
				CLANG_WARN_DIRECT_OBJC_ISA_USAGE = YES_ERROR;
				CLANG_WARN_DOCUMENTATION_COMMENTS = YES;
				CLANG_WARN_EMPTY_BODY = YES;
				CLANG_WARN_ENUM_CONVERSION = YES;
				CLANG_WARN_INFINITE_RECURSION = YES;
				CLANG_WARN_INT_CONVERSION = YES;
				CLANG_WARN_NON_LITERAL_NULL_CONVERSION = YES;
				CLANG_WARN_OBJC_IMPLICIT_RETAIN_SELF = YES;
				CLANG_WARN_OBJC_LITERAL_CONVERSION = YES;
				CLANG_WARN_OBJC_ROOT_CLASS = YES_ERROR;
				CLANG_WARN_QUOTED_INCLUDE_IN_FRAMEWORK_HEADER = YES;
				CLANG_WARN_RANGE_LOOP_ANALYSIS = YES;
				CLANG_WARN_STRICT_PROTOTYPES = YES;
				CLANG_WARN_SUSPICIOUS_MOVE = YES;
				CLANG_WARN_UNGUARDED_AVAILABILITY = YES_AGGRESSIVE;
				CLANG_WARN_UNREACHABLE_CODE = YES;
				CLANG_WARN__DUPLICATE_METHOD_MATCH = YES;
				COPY_PHASE_STRIP = NO;
				DEBUG_INFORMATION_FORMAT = "dwarf-with-dsym";
				ENABLE_NS_ASSERTIONS = NO;
				ENABLE_STRICT_OBJC_MSGSEND = YES;
				GCC_C_LANGUAGE_STANDARD = gnu11;
				GCC_NO_COMMON_BLOCKS = YES;
				GCC_WARN_64_TO_32_BIT_CONVERSION = YES;
				GCC_WARN_ABOUT_RETURN_TYPE = YES_ERROR;
				GCC_WARN_UNDECLARED_SELECTOR = YES;
				GCC_WARN_UNINITIALIZED_AUTOS = YES_AGGRESSIVE;
				GCC_WARN_UNUSED_FUNCTION = YES;
				GCC_WARN_UNUSED_VARIABLE = YES;
				IPHONEOS_DEPLOYMENT_TARGET = 16.2;
				MTL_ENABLE_DEBUG_INFO = NO;
				MTL_FAST_MATH = YES;
				SDKROOT = iphoneos;
				SWIFT_COMPILATION_MODE = wholemodule;
				SWIFT_OPTIMIZATION_LEVEL = "-O";
				VALIDATE_PRODUCT = YES;
			};
			name = Release;
		};
		A056A6892967A8D300E26147 /* Debug */ = {
			isa = XCBuildConfiguration;
			buildSettings = {
				ASSETCATALOG_COMPILER_APPICON_NAME = AppIcon;
				ASSETCATALOG_COMPILER_GLOBAL_ACCENT_COLOR_NAME = AccentColor;
				CODE_SIGN_STYLE = Automatic;
				CURRENT_PROJECT_VERSION = 1;
				GENERATE_INFOPLIST_FILE = YES;
				INFOPLIST_FILE = RickAndMorty/Info.plist;
				INFOPLIST_KEY_UIApplicationSupportsIndirectInputEvents = YES;
				INFOPLIST_KEY_UILaunchStoryboardName = LaunchScreen;
				INFOPLIST_KEY_UISupportedInterfaceOrientations_iPad = "UIInterfaceOrientationPortrait UIInterfaceOrientationPortraitUpsideDown UIInterfaceOrientationLandscapeLeft UIInterfaceOrientationLandscapeRight";
				INFOPLIST_KEY_UISupportedInterfaceOrientations_iPhone = "UIInterfaceOrientationPortrait UIInterfaceOrientationLandscapeLeft UIInterfaceOrientationLandscapeRight";
				LD_RUNPATH_SEARCH_PATHS = (
					"$(inherited)",
					"@executable_path/Frameworks",
				);
				MARKETING_VERSION = 1.0;
				PRODUCT_BUNDLE_IDENTIFIER = com.iosacademy.RickAndMorty;
				PRODUCT_NAME = "$(TARGET_NAME)";
				SWIFT_EMIT_LOC_STRINGS = YES;
				SWIFT_VERSION = 5.0;
				TARGETED_DEVICE_FAMILY = "1,2";
			};
			name = Debug;
		};
		A056A68A2967A8D300E26147 /* Release */ = {
			isa = XCBuildConfiguration;
			buildSettings = {
				ASSETCATALOG_COMPILER_APPICON_NAME = AppIcon;
				ASSETCATALOG_COMPILER_GLOBAL_ACCENT_COLOR_NAME = AccentColor;
				CODE_SIGN_STYLE = Automatic;
				CURRENT_PROJECT_VERSION = 1;
				GENERATE_INFOPLIST_FILE = YES;
				INFOPLIST_FILE = RickAndMorty/Info.plist;
				INFOPLIST_KEY_UIApplicationSupportsIndirectInputEvents = YES;
				INFOPLIST_KEY_UILaunchStoryboardName = LaunchScreen;
				INFOPLIST_KEY_UISupportedInterfaceOrientations_iPad = "UIInterfaceOrientationPortrait UIInterfaceOrientationPortraitUpsideDown UIInterfaceOrientationLandscapeLeft UIInterfaceOrientationLandscapeRight";
				INFOPLIST_KEY_UISupportedInterfaceOrientations_iPhone = "UIInterfaceOrientationPortrait UIInterfaceOrientationLandscapeLeft UIInterfaceOrientationLandscapeRight";
				LD_RUNPATH_SEARCH_PATHS = (
					"$(inherited)",
					"@executable_path/Frameworks",
				);
				MARKETING_VERSION = 1.0;
				PRODUCT_BUNDLE_IDENTIFIER = com.iosacademy.RickAndMorty;
				PRODUCT_NAME = "$(TARGET_NAME)";
				SWIFT_EMIT_LOC_STRINGS = YES;
				SWIFT_VERSION = 5.0;
				TARGETED_DEVICE_FAMILY = "1,2";
			};
			name = Release;
		};
		A056A68C2967A8D300E26147 /* Debug */ = {
			isa = XCBuildConfiguration;
			buildSettings = {
				ALWAYS_EMBED_SWIFT_STANDARD_LIBRARIES = YES;
				BUNDLE_LOADER = "$(TEST_HOST)";
				CODE_SIGN_STYLE = Automatic;
				CURRENT_PROJECT_VERSION = 1;
				GENERATE_INFOPLIST_FILE = YES;
				IPHONEOS_DEPLOYMENT_TARGET = 16.2;
				MARKETING_VERSION = 1.0;
				PRODUCT_BUNDLE_IDENTIFIER = com.iosacademy.RickAndMortyTests;
				PRODUCT_NAME = "$(TARGET_NAME)";
				SWIFT_EMIT_LOC_STRINGS = NO;
				SWIFT_VERSION = 5.0;
				TARGETED_DEVICE_FAMILY = "1,2";
				TEST_HOST = "$(BUILT_PRODUCTS_DIR)/RickAndMorty.app/$(BUNDLE_EXECUTABLE_FOLDER_PATH)/RickAndMorty";
			};
			name = Debug;
		};
		A056A68D2967A8D300E26147 /* Release */ = {
			isa = XCBuildConfiguration;
			buildSettings = {
				ALWAYS_EMBED_SWIFT_STANDARD_LIBRARIES = YES;
				BUNDLE_LOADER = "$(TEST_HOST)";
				CODE_SIGN_STYLE = Automatic;
				CURRENT_PROJECT_VERSION = 1;
				GENERATE_INFOPLIST_FILE = YES;
				IPHONEOS_DEPLOYMENT_TARGET = 16.2;
				MARKETING_VERSION = 1.0;
				PRODUCT_BUNDLE_IDENTIFIER = com.iosacademy.RickAndMortyTests;
				PRODUCT_NAME = "$(TARGET_NAME)";
				SWIFT_EMIT_LOC_STRINGS = NO;
				SWIFT_VERSION = 5.0;
				TARGETED_DEVICE_FAMILY = "1,2";
				TEST_HOST = "$(BUILT_PRODUCTS_DIR)/RickAndMorty.app/$(BUNDLE_EXECUTABLE_FOLDER_PATH)/RickAndMorty";
			};
			name = Release;
		};
		A056A68F2967A8D300E26147 /* Debug */ = {
			isa = XCBuildConfiguration;
			buildSettings = {
				ALWAYS_EMBED_SWIFT_STANDARD_LIBRARIES = YES;
				CODE_SIGN_STYLE = Automatic;
				CURRENT_PROJECT_VERSION = 1;
				GENERATE_INFOPLIST_FILE = YES;
				MARKETING_VERSION = 1.0;
				PRODUCT_BUNDLE_IDENTIFIER = com.iosacademy.RickAndMortyUITests;
				PRODUCT_NAME = "$(TARGET_NAME)";
				SWIFT_EMIT_LOC_STRINGS = NO;
				SWIFT_VERSION = 5.0;
				TARGETED_DEVICE_FAMILY = "1,2";
				TEST_TARGET_NAME = RickAndMorty;
			};
			name = Debug;
		};
		A056A6902967A8D300E26147 /* Release */ = {
			isa = XCBuildConfiguration;
			buildSettings = {
				ALWAYS_EMBED_SWIFT_STANDARD_LIBRARIES = YES;
				CODE_SIGN_STYLE = Automatic;
				CURRENT_PROJECT_VERSION = 1;
				GENERATE_INFOPLIST_FILE = YES;
				MARKETING_VERSION = 1.0;
				PRODUCT_BUNDLE_IDENTIFIER = com.iosacademy.RickAndMortyUITests;
				PRODUCT_NAME = "$(TARGET_NAME)";
				SWIFT_EMIT_LOC_STRINGS = NO;
				SWIFT_VERSION = 5.0;
				TARGETED_DEVICE_FAMILY = "1,2";
				TEST_TARGET_NAME = RickAndMorty;
			};
			name = Release;
		};
/* End XCBuildConfiguration section */

/* Begin XCConfigurationList section */
		A056A6592967A8D100E26147 /* Build configuration list for PBXProject "RickAndMorty" */ = {
			isa = XCConfigurationList;
			buildConfigurations = (
				A056A6862967A8D300E26147 /* Debug */,
				A056A6872967A8D300E26147 /* Release */,
			);
			defaultConfigurationIsVisible = 0;
			defaultConfigurationName = Release;
		};
		A056A6882967A8D300E26147 /* Build configuration list for PBXNativeTarget "RickAndMorty" */ = {
			isa = XCConfigurationList;
			buildConfigurations = (
				A056A6892967A8D300E26147 /* Debug */,
				A056A68A2967A8D300E26147 /* Release */,
			);
			defaultConfigurationIsVisible = 0;
			defaultConfigurationName = Release;
		};
		A056A68B2967A8D300E26147 /* Build configuration list for PBXNativeTarget "RickAndMortyTests" */ = {
			isa = XCConfigurationList;
			buildConfigurations = (
				A056A68C2967A8D300E26147 /* Debug */,
				A056A68D2967A8D300E26147 /* Release */,
			);
			defaultConfigurationIsVisible = 0;
			defaultConfigurationName = Release;
		};
		A056A68E2967A8D300E26147 /* Build configuration list for PBXNativeTarget "RickAndMortyUITests" */ = {
			isa = XCConfigurationList;
			buildConfigurations = (
				A056A68F2967A8D300E26147 /* Debug */,
				A056A6902967A8D300E26147 /* Release */,
			);
			defaultConfigurationIsVisible = 0;
			defaultConfigurationName = Release;
		};
/* End XCConfigurationList section */
	};
	rootObject = A056A6562967A8D100E26147 /* Project object */;
}
